
Microsoft Visual Studio Solution File, Format Version 12.00
# Visual Studio 15
VisualStudioVersion = 15.0.26430.13
MinimumVisualStudioVersion = 10.0.40219.1
Project("{FAE04EC0-301F-11D3-BF4B-00C04F79EFBC}") = "DroneLander.Android", "DroneLander\DroneLander.Android\DroneLander.Android.csproj", "{A655B519-5A9E-43CC-91F3-7DB3983DAB85}"
EndProject
Project("{FAE04EC0-301F-11D3-BF4B-00C04F79EFBC}") = "DroneLander", "DroneLander\DroneLander\DroneLander.csproj", "{806F37A6-9FE2-492F-9173-07F880116154}"
EndProject
Project("{FAE04EC0-301F-11D3-BF4B-00C04F79EFBC}") = "DroneLander.UWP", "DroneLander\DroneLander.UWP\DroneLander.UWP.csproj", "{64379D2C-9A8F-4D4C-B88C-6A6C8A7980E6}"
EndProject
Project("{FAE04EC0-301F-11D3-BF4B-00C04F79EFBC}") = "DroneLander.iOS", "DroneLander\DroneLander.iOS\DroneLander.iOS.csproj", "{AE9E248C-A694-489F-A124-2F4EA8D0A120}"
EndProject
Global
	GlobalSection(SolutionConfigurationPlatforms) = preSolution
		Ad-Hoc|Any CPU = Ad-Hoc|Any CPU
		Ad-Hoc|ARM = Ad-Hoc|ARM
		Ad-Hoc|iPhone = Ad-Hoc|iPhone
		Ad-Hoc|iPhoneSimulator = Ad-Hoc|iPhoneSimulator
		Ad-Hoc|x64 = Ad-Hoc|x64
		Ad-Hoc|x86 = Ad-Hoc|x86
		AppStore|Any CPU = AppStore|Any CPU
		AppStore|ARM = AppStore|ARM
		AppStore|iPhone = AppStore|iPhone
		AppStore|iPhoneSimulator = AppStore|iPhoneSimulator
		AppStore|x64 = AppStore|x64
		AppStore|x86 = AppStore|x86
		Debug|Any CPU = Debug|Any CPU
		Debug|ARM = Debug|ARM
		Debug|iPhone = Debug|iPhone
		Debug|iPhoneSimulator = Debug|iPhoneSimulator
		Debug|x64 = Debug|x64
		Debug|x86 = Debug|x86
		Release|Any CPU = Release|Any CPU
		Release|ARM = Release|ARM
		Release|iPhone = Release|iPhone
		Release|iPhoneSimulator = Release|iPhoneSimulator
		Release|x64 = Release|x64
		Release|x86 = Release|x86
	EndGlobalSection
	GlobalSection(ProjectConfigurationPlatforms) = postSolution
		{A655B519-5A9E-43CC-91F3-7DB3983DAB85}.Ad-Hoc|Any CPU.ActiveCfg = Release|Any CPU
		{A655B519-5A9E-43CC-91F3-7DB3983DAB85}.Ad-Hoc|Any CPU.Build.0 = Release|Any CPU
		{A655B519-5A9E-43CC-91F3-7DB3983DAB85}.Ad-Hoc|Any CPU.Deploy.0 = Release|Any CPU
		{A655B519-5A9E-43CC-91F3-7DB3983DAB85}.Ad-Hoc|ARM.ActiveCfg = Release|Any CPU
		{A655B519-5A9E-43CC-91F3-7DB3983DAB85}.Ad-Hoc|ARM.Build.0 = Release|Any CPU
		{A655B519-5A9E-43CC-91F3-7DB3983DAB85}.Ad-Hoc|ARM.Deploy.0 = Release|Any CPU
		{A655B519-5A9E-43CC-91F3-7DB3983DAB85}.Ad-Hoc|iPhone.ActiveCfg = Release|Any CPU
		{A655B519-5A9E-43CC-91F3-7DB3983DAB85}.Ad-Hoc|iPhone.Build.0 = Release|Any CPU
		{A655B519-5A9E-43CC-91F3-7DB3983DAB85}.Ad-Hoc|iPhone.Deploy.0 = Release|Any CPU
		{A655B519-5A9E-43CC-91F3-7DB3983DAB85}.Ad-Hoc|iPhoneSimulator.ActiveCfg = Release|Any CPU
		{A655B519-5A9E-43CC-91F3-7DB3983DAB85}.Ad-Hoc|iPhoneSimulator.Build.0 = Release|Any CPU
		{A655B519-5A9E-43CC-91F3-7DB3983DAB85}.Ad-Hoc|iPhoneSimulator.Deploy.0 = Release|Any CPU
		{A655B519-5A9E-43CC-91F3-7DB3983DAB85}.Ad-Hoc|x64.ActiveCfg = Release|Any CPU
		{A655B519-5A9E-43CC-91F3-7DB3983DAB85}.Ad-Hoc|x64.Build.0 = Release|Any CPU
		{A655B519-5A9E-43CC-91F3-7DB3983DAB85}.Ad-Hoc|x64.Deploy.0 = Release|Any CPU
		{A655B519-5A9E-43CC-91F3-7DB3983DAB85}.Ad-Hoc|x86.ActiveCfg = Release|Any CPU
		{A655B519-5A9E-43CC-91F3-7DB3983DAB85}.Ad-Hoc|x86.Build.0 = Release|Any CPU
		{A655B519-5A9E-43CC-91F3-7DB3983DAB85}.Ad-Hoc|x86.Deploy.0 = Release|Any CPU
		{A655B519-5A9E-43CC-91F3-7DB3983DAB85}.AppStore|Any CPU.ActiveCfg = Release|Any CPU
		{A655B519-5A9E-43CC-91F3-7DB3983DAB85}.AppStore|Any CPU.Build.0 = Release|Any CPU
		{A655B519-5A9E-43CC-91F3-7DB3983DAB85}.AppStore|Any CPU.Deploy.0 = Release|Any CPU
		{A655B519-5A9E-43CC-91F3-7DB3983DAB85}.AppStore|ARM.ActiveCfg = Release|Any CPU
		{A655B519-5A9E-43CC-91F3-7DB3983DAB85}.AppStore|ARM.Build.0 = Release|Any CPU
		{A655B519-5A9E-43CC-91F3-7DB3983DAB85}.AppStore|ARM.Deploy.0 = Release|Any CPU
		{A655B519-5A9E-43CC-91F3-7DB3983DAB85}.AppStore|iPhone.ActiveCfg = Release|Any CPU
		{A655B519-5A9E-43CC-91F3-7DB3983DAB85}.AppStore|iPhone.Build.0 = Release|Any CPU
		{A655B519-5A9E-43CC-91F3-7DB3983DAB85}.AppStore|iPhone.Deploy.0 = Release|Any CPU
		{A655B519-5A9E-43CC-91F3-7DB3983DAB85}.AppStore|iPhoneSimulator.ActiveCfg = Release|Any CPU
		{A655B519-5A9E-43CC-91F3-7DB3983DAB85}.AppStore|iPhoneSimulator.Build.0 = Release|Any CPU
		{A655B519-5A9E-43CC-91F3-7DB3983DAB85}.AppStore|iPhoneSimulator.Deploy.0 = Release|Any CPU
		{A655B519-5A9E-43CC-91F3-7DB3983DAB85}.AppStore|x64.ActiveCfg = Release|Any CPU
		{A655B519-5A9E-43CC-91F3-7DB3983DAB85}.AppStore|x64.Build.0 = Release|Any CPU
		{A655B519-5A9E-43CC-91F3-7DB3983DAB85}.AppStore|x64.Deploy.0 = Release|Any CPU
		{A655B519-5A9E-43CC-91F3-7DB3983DAB85}.AppStore|x86.ActiveCfg = Release|Any CPU
		{A655B519-5A9E-43CC-91F3-7DB3983DAB85}.AppStore|x86.Build.0 = Release|Any CPU
		{A655B519-5A9E-43CC-91F3-7DB3983DAB85}.AppStore|x86.Deploy.0 = Release|Any CPU
		{A655B519-5A9E-43CC-91F3-7DB3983DAB85}.Debug|Any CPU.ActiveCfg = Debug|Any CPU
		{A655B519-5A9E-43CC-91F3-7DB3983DAB85}.Debug|Any CPU.Build.0 = Debug|Any CPU
		{A655B519-5A9E-43CC-91F3-7DB3983DAB85}.Debug|Any CPU.Deploy.0 = Debug|Any CPU
		{A655B519-5A9E-43CC-91F3-7DB3983DAB85}.Debug|ARM.ActiveCfg = Debug|Any CPU
		{A655B519-5A9E-43CC-91F3-7DB3983DAB85}.Debug|ARM.Build.0 = Debug|Any CPU
		{A655B519-5A9E-43CC-91F3-7DB3983DAB85}.Debug|ARM.Deploy.0 = Debug|Any CPU
		{A655B519-5A9E-43CC-91F3-7DB3983DAB85}.Debug|iPhone.ActiveCfg = Debug|Any CPU
		{A655B519-5A9E-43CC-91F3-7DB3983DAB85}.Debug|iPhone.Build.0 = Debug|Any CPU
		{A655B519-5A9E-43CC-91F3-7DB3983DAB85}.Debug|iPhone.Deploy.0 = Debug|Any CPU
		{A655B519-5A9E-43CC-91F3-7DB3983DAB85}.Debug|iPhoneSimulator.ActiveCfg = Debug|Any CPU
		{A655B519-5A9E-43CC-91F3-7DB3983DAB85}.Debug|iPhoneSimulator.Build.0 = Debug|Any CPU
		{A655B519-5A9E-43CC-91F3-7DB3983DAB85}.Debug|iPhoneSimulator.Deploy.0 = Debug|Any CPU
		{A655B519-5A9E-43CC-91F3-7DB3983DAB85}.Debug|x64.ActiveCfg = Debug|Any CPU
		{A655B519-5A9E-43CC-91F3-7DB3983DAB85}.Debug|x64.Build.0 = Debug|Any CPU
		{A655B519-5A9E-43CC-91F3-7DB3983DAB85}.Debug|x64.Deploy.0 = Debug|Any CPU
		{A655B519-5A9E-43CC-91F3-7DB3983DAB85}.Debug|x86.ActiveCfg = Debug|Any CPU
		{A655B519-5A9E-43CC-91F3-7DB3983DAB85}.Debug|x86.Build.0 = Debug|Any CPU
		{A655B519-5A9E-43CC-91F3-7DB3983DAB85}.Debug|x86.Deploy.0 = Debug|Any CPU
		{A655B519-5A9E-43CC-91F3-7DB3983DAB85}.Release|Any CPU.ActiveCfg = Release|Any CPU
		{A655B519-5A9E-43CC-91F3-7DB3983DAB85}.Release|Any CPU.Build.0 = Release|Any CPU
		{A655B519-5A9E-43CC-91F3-7DB3983DAB85}.Release|Any CPU.Deploy.0 = Release|Any CPU
		{A655B519-5A9E-43CC-91F3-7DB3983DAB85}.Release|ARM.ActiveCfg = Release|Any CPU
		{A655B519-5A9E-43CC-91F3-7DB3983DAB85}.Release|ARM.Build.0 = Release|Any CPU
		{A655B519-5A9E-43CC-91F3-7DB3983DAB85}.Release|ARM.Deploy.0 = Release|Any CPU
		{A655B519-5A9E-43CC-91F3-7DB3983DAB85}.Release|iPhone.ActiveCfg = Release|Any CPU
		{A655B519-5A9E-43CC-91F3-7DB3983DAB85}.Release|iPhone.Build.0 = Release|Any CPU
		{A655B519-5A9E-43CC-91F3-7DB3983DAB85}.Release|iPhone.Deploy.0 = Release|Any CPU
		{A655B519-5A9E-43CC-91F3-7DB3983DAB85}.Release|iPhoneSimulator.ActiveCfg = Release|Any CPU
		{A655B519-5A9E-43CC-91F3-7DB3983DAB85}.Release|iPhoneSimulator.Build.0 = Release|Any CPU
		{A655B519-5A9E-43CC-91F3-7DB3983DAB85}.Release|iPhoneSimulator.Deploy.0 = Release|Any CPU
		{A655B519-5A9E-43CC-91F3-7DB3983DAB85}.Release|x64.ActiveCfg = Release|Any CPU
		{A655B519-5A9E-43CC-91F3-7DB3983DAB85}.Release|x64.Build.0 = Release|Any CPU
		{A655B519-5A9E-43CC-91F3-7DB3983DAB85}.Release|x64.Deploy.0 = Release|Any CPU
		{A655B519-5A9E-43CC-91F3-7DB3983DAB85}.Release|x86.ActiveCfg = Release|Any CPU
		{A655B519-5A9E-43CC-91F3-7DB3983DAB85}.Release|x86.Build.0 = Release|Any CPU
		{A655B519-5A9E-43CC-91F3-7DB3983DAB85}.Release|x86.Deploy.0 = Release|Any CPU
		{806F37A6-9FE2-492F-9173-07F880116154}.Ad-Hoc|Any CPU.ActiveCfg = Release|Any CPU
		{806F37A6-9FE2-492F-9173-07F880116154}.Ad-Hoc|Any CPU.Build.0 = Release|Any CPU
		{806F37A6-9FE2-492F-9173-07F880116154}.Ad-Hoc|ARM.ActiveCfg = Release|Any CPU
		{806F37A6-9FE2-492F-9173-07F880116154}.Ad-Hoc|ARM.Build.0 = Release|Any CPU
		{806F37A6-9FE2-492F-9173-07F880116154}.Ad-Hoc|iPhone.ActiveCfg = Release|Any CPU
		{806F37A6-9FE2-492F-9173-07F880116154}.Ad-Hoc|iPhone.Build.0 = Release|Any CPU
		{806F37A6-9FE2-492F-9173-07F880116154}.Ad-Hoc|iPhoneSimulator.ActiveCfg = Release|Any CPU
		{806F37A6-9FE2-492F-9173-07F880116154}.Ad-Hoc|iPhoneSimulator.Build.0 = Release|Any CPU
		{806F37A6-9FE2-492F-9173-07F880116154}.Ad-Hoc|x64.ActiveCfg = Release|Any CPU
		{806F37A6-9FE2-492F-9173-07F880116154}.Ad-Hoc|x64.Build.0 = Release|Any CPU
		{806F37A6-9FE2-492F-9173-07F880116154}.Ad-Hoc|x86.ActiveCfg = Release|Any CPU
		{806F37A6-9FE2-492F-9173-07F880116154}.Ad-Hoc|x86.Build.0 = Release|Any CPU
		{806F37A6-9FE2-492F-9173-07F880116154}.AppStore|Any CPU.ActiveCfg = Release|Any CPU
		{806F37A6-9FE2-492F-9173-07F880116154}.AppStore|Any CPU.Build.0 = Release|Any CPU
		{806F37A6-9FE2-492F-9173-07F880116154}.AppStore|ARM.ActiveCfg = Release|Any CPU
		{806F37A6-9FE2-492F-9173-07F880116154}.AppStore|ARM.Build.0 = Release|Any CPU
		{806F37A6-9FE2-492F-9173-07F880116154}.AppStore|iPhone.ActiveCfg = Release|Any CPU
		{806F37A6-9FE2-492F-9173-07F880116154}.AppStore|iPhone.Build.0 = Release|Any CPU
		{806F37A6-9FE2-492F-9173-07F880116154}.AppStore|iPhoneSimulator.ActiveCfg = Release|Any CPU
		{806F37A6-9FE2-492F-9173-07F880116154}.AppStore|iPhoneSimulator.Build.0 = Release|Any CPU
		{806F37A6-9FE2-492F-9173-07F880116154}.AppStore|x64.ActiveCfg = Release|Any CPU
		{806F37A6-9FE2-492F-9173-07F880116154}.AppStore|x64.Build.0 = Release|Any CPU
		{806F37A6-9FE2-492F-9173-07F880116154}.AppStore|x86.ActiveCfg = Release|Any CPU
		{806F37A6-9FE2-492F-9173-07F880116154}.AppStore|x86.Build.0 = Release|Any CPU
		{806F37A6-9FE2-492F-9173-07F880116154}.Debug|Any CPU.ActiveCfg = Debug|Any CPU
		{806F37A6-9FE2-492F-9173-07F880116154}.Debug|Any CPU.Build.0 = Debug|Any CPU
		{806F37A6-9FE2-492F-9173-07F880116154}.Debug|ARM.ActiveCfg = Debug|Any CPU
		{806F37A6-9FE2-492F-9173-07F880116154}.Debug|ARM.Build.0 = Debug|Any CPU
		{806F37A6-9FE2-492F-9173-07F880116154}.Debug|iPhone.ActiveCfg = Debug|Any CPU
		{806F37A6-9FE2-492F-9173-07F880116154}.Debug|iPhone.Build.0 = Debug|Any CPU
		{806F37A6-9FE2-492F-9173-07F880116154}.Debug|iPhoneSimulator.ActiveCfg = Debug|Any CPU
		{806F37A6-9FE2-492F-9173-07F880116154}.Debug|iPhoneSimulator.Build.0 = Debug|Any CPU
		{806F37A6-9FE2-492F-9173-07F880116154}.Debug|x64.ActiveCfg = Debug|Any CPU
		{806F37A6-9FE2-492F-9173-07F880116154}.Debug|x64.Build.0 = Debug|Any CPU
		{806F37A6-9FE2-492F-9173-07F880116154}.Debug|x86.ActiveCfg = Debug|Any CPU
		{806F37A6-9FE2-492F-9173-07F880116154}.Debug|x86.Build.0 = Debug|Any CPU
		{806F37A6-9FE2-492F-9173-07F880116154}.Release|Any CPU.ActiveCfg = Release|Any CPU
		{806F37A6-9FE2-492F-9173-07F880116154}.Release|Any CPU.Build.0 = Release|Any CPU
		{806F37A6-9FE2-492F-9173-07F880116154}.Release|ARM.ActiveCfg = Release|Any CPU
		{806F37A6-9FE2-492F-9173-07F880116154}.Release|ARM.Build.0 = Release|Any CPU
		{806F37A6-9FE2-492F-9173-07F880116154}.Release|iPhone.ActiveCfg = Release|Any CPU
		{806F37A6-9FE2-492F-9173-07F880116154}.Release|iPhone.Build.0 = Release|Any CPU
		{806F37A6-9FE2-492F-9173-07F880116154}.Release|iPhoneSimulator.ActiveCfg = Release|Any CPU
		{806F37A6-9FE2-492F-9173-07F880116154}.Release|iPhoneSimulator.Build.0 = Release|Any CPU
		{806F37A6-9FE2-492F-9173-07F880116154}.Release|x64.ActiveCfg = Release|Any CPU
		{806F37A6-9FE2-492F-9173-07F880116154}.Release|x64.Build.0 = Release|Any CPU
		{806F37A6-9FE2-492F-9173-07F880116154}.Release|x86.ActiveCfg = Release|Any CPU
		{806F37A6-9FE2-492F-9173-07F880116154}.Release|x86.Build.0 = Release|Any CPU
		{64379D2C-9A8F-4D4C-B88C-6A6C8A7980E6}.Ad-Hoc|Any CPU.ActiveCfg = Release|x86
		{64379D2C-9A8F-4D4C-B88C-6A6C8A7980E6}.Ad-Hoc|Any CPU.Build.0 = Release|x86
		{64379D2C-9A8F-4D4C-B88C-6A6C8A7980E6}.Ad-Hoc|Any CPU.Deploy.0 = Release|x86
		{64379D2C-9A8F-4D4C-B88C-6A6C8A7980E6}.Ad-Hoc|ARM.ActiveCfg = Release|ARM
		{64379D2C-9A8F-4D4C-B88C-6A6C8A7980E6}.Ad-Hoc|ARM.Build.0 = Release|ARM
		{64379D2C-9A8F-4D4C-B88C-6A6C8A7980E6}.Ad-Hoc|ARM.Deploy.0 = Release|ARM
		{64379D2C-9A8F-4D4C-B88C-6A6C8A7980E6}.Ad-Hoc|iPhone.ActiveCfg = Release|x86
		{64379D2C-9A8F-4D4C-B88C-6A6C8A7980E6}.Ad-Hoc|iPhone.Build.0 = Release|x86
		{64379D2C-9A8F-4D4C-B88C-6A6C8A7980E6}.Ad-Hoc|iPhone.Deploy.0 = Release|x86
		{64379D2C-9A8F-4D4C-B88C-6A6C8A7980E6}.Ad-Hoc|iPhoneSimulator.ActiveCfg = Release|x86
		{64379D2C-9A8F-4D4C-B88C-6A6C8A7980E6}.Ad-Hoc|iPhoneSimulator.Build.0 = Release|x86
		{64379D2C-9A8F-4D4C-B88C-6A6C8A7980E6}.Ad-Hoc|iPhoneSimulator.Deploy.0 = Release|x86
		{64379D2C-9A8F-4D4C-B88C-6A6C8A7980E6}.Ad-Hoc|x64.ActiveCfg = Release|x64
		{64379D2C-9A8F-4D4C-B88C-6A6C8A7980E6}.Ad-Hoc|x64.Build.0 = Release|x64
		{64379D2C-9A8F-4D4C-B88C-6A6C8A7980E6}.Ad-Hoc|x64.Deploy.0 = Release|x64
		{64379D2C-9A8F-4D4C-B88C-6A6C8A7980E6}.Ad-Hoc|x86.ActiveCfg = Release|x86
		{64379D2C-9A8F-4D4C-B88C-6A6C8A7980E6}.Ad-Hoc|x86.Build.0 = Release|x86
		{64379D2C-9A8F-4D4C-B88C-6A6C8A7980E6}.Ad-Hoc|x86.Deploy.0 = Release|x86
		{64379D2C-9A8F-4D4C-B88C-6A6C8A7980E6}.AppStore|Any CPU.ActiveCfg = Release|x86
		{64379D2C-9A8F-4D4C-B88C-6A6C8A7980E6}.AppStore|Any CPU.Build.0 = Release|x86
		{64379D2C-9A8F-4D4C-B88C-6A6C8A7980E6}.AppStore|Any CPU.Deploy.0 = Release|x86
		{64379D2C-9A8F-4D4C-B88C-6A6C8A7980E6}.AppStore|ARM.ActiveCfg = Release|ARM
		{64379D2C-9A8F-4D4C-B88C-6A6C8A7980E6}.AppStore|ARM.Build.0 = Release|ARM
		{64379D2C-9A8F-4D4C-B88C-6A6C8A7980E6}.AppStore|ARM.Deploy.0 = Release|ARM
		{64379D2C-9A8F-4D4C-B88C-6A6C8A7980E6}.AppStore|iPhone.ActiveCfg = Release|x86
		{64379D2C-9A8F-4D4C-B88C-6A6C8A7980E6}.AppStore|iPhone.Build.0 = Release|x86
		{64379D2C-9A8F-4D4C-B88C-6A6C8A7980E6}.AppStore|iPhone.Deploy.0 = Release|x86
		{64379D2C-9A8F-4D4C-B88C-6A6C8A7980E6}.AppStore|iPhoneSimulator.ActiveCfg = Release|x86
		{64379D2C-9A8F-4D4C-B88C-6A6C8A7980E6}.AppStore|iPhoneSimulator.Build.0 = Release|x86
		{64379D2C-9A8F-4D4C-B88C-6A6C8A7980E6}.AppStore|iPhoneSimulator.Deploy.0 = Release|x86
		{64379D2C-9A8F-4D4C-B88C-6A6C8A7980E6}.AppStore|x64.ActiveCfg = Release|x64
		{64379D2C-9A8F-4D4C-B88C-6A6C8A7980E6}.AppStore|x64.Build.0 = Release|x64
		{64379D2C-9A8F-4D4C-B88C-6A6C8A7980E6}.AppStore|x64.Deploy.0 = Release|x64
		{64379D2C-9A8F-4D4C-B88C-6A6C8A7980E6}.AppStore|x86.ActiveCfg = Release|x86
		{64379D2C-9A8F-4D4C-B88C-6A6C8A7980E6}.AppStore|x86.Build.0 = Release|x86
		{64379D2C-9A8F-4D4C-B88C-6A6C8A7980E6}.AppStore|x86.Deploy.0 = Release|x86
		{64379D2C-9A8F-4D4C-B88C-6A6C8A7980E6}.Debug|Any CPU.ActiveCfg = Debug|x86
		{64379D2C-9A8F-4D4C-B88C-6A6C8A7980E6}.Debug|Any CPU.Build.0 = Debug|x86
		{64379D2C-9A8F-4D4C-B88C-6A6C8A7980E6}.Debug|Any CPU.Deploy.0 = Debug|x86
		{64379D2C-9A8F-4D4C-B88C-6A6C8A7980E6}.Debug|ARM.ActiveCfg = Debug|ARM
		{64379D2C-9A8F-4D4C-B88C-6A6C8A7980E6}.Debug|ARM.Build.0 = Debug|ARM
		{64379D2C-9A8F-4D4C-B88C-6A6C8A7980E6}.Debug|ARM.Deploy.0 = Debug|ARM
		{64379D2C-9A8F-4D4C-B88C-6A6C8A7980E6}.Debug|iPhone.ActiveCfg = Debug|x86
		{64379D2C-9A8F-4D4C-B88C-6A6C8A7980E6}.Debug|iPhoneSimulator.ActiveCfg = Debug|x86
		{64379D2C-9A8F-4D4C-B88C-6A6C8A7980E6}.Debug|x64.ActiveCfg = Debug|x64
		{64379D2C-9A8F-4D4C-B88C-6A6C8A7980E6}.Debug|x64.Build.0 = Debug|x64
		{64379D2C-9A8F-4D4C-B88C-6A6C8A7980E6}.Debug|x64.Deploy.0 = Debug|x64
		{64379D2C-9A8F-4D4C-B88C-6A6C8A7980E6}.Debug|x86.ActiveCfg = Debug|x86
		{64379D2C-9A8F-4D4C-B88C-6A6C8A7980E6}.Debug|x86.Build.0 = Debug|x86
		{64379D2C-9A8F-4D4C-B88C-6A6C8A7980E6}.Debug|x86.Deploy.0 = Debug|x86
		{64379D2C-9A8F-4D4C-B88C-6A6C8A7980E6}.Release|Any CPU.ActiveCfg = Release|x86
		{64379D2C-9A8F-4D4C-B88C-6A6C8A7980E6}.Release|ARM.ActiveCfg = Release|ARM
		{64379D2C-9A8F-4D4C-B88C-6A6C8A7980E6}.Release|ARM.Build.0 = Release|ARM
		{64379D2C-9A8F-4D4C-B88C-6A6C8A7980E6}.Release|ARM.Deploy.0 = Release|ARM
		{64379D2C-9A8F-4D4C-B88C-6A6C8A7980E6}.Release|iPhone.ActiveCfg = Release|x86
		{64379D2C-9A8F-4D4C-B88C-6A6C8A7980E6}.Release|iPhoneSimulator.ActiveCfg = Release|x86
		{64379D2C-9A8F-4D4C-B88C-6A6C8A7980E6}.Release|x64.ActiveCfg = Release|x64
		{64379D2C-9A8F-4D4C-B88C-6A6C8A7980E6}.Release|x64.Build.0 = Release|x64
		{64379D2C-9A8F-4D4C-B88C-6A6C8A7980E6}.Release|x64.Deploy.0 = Release|x64
		{64379D2C-9A8F-4D4C-B88C-6A6C8A7980E6}.Release|x86.ActiveCfg = Release|x86
		{64379D2C-9A8F-4D4C-B88C-6A6C8A7980E6}.Release|x86.Build.0 = Release|x86
		{64379D2C-9A8F-4D4C-B88C-6A6C8A7980E6}.Release|x86.Deploy.0 = Release|x86
		{AE9E248C-A694-489F-A124-2F4EA8D0A120}.Ad-Hoc|Any CPU.ActiveCfg = Ad-Hoc|iPhone
		{AE9E248C-A694-489F-A124-2F4EA8D0A120}.Ad-Hoc|ARM.ActiveCfg = Ad-Hoc|iPhone
		{AE9E248C-A694-489F-A124-2F4EA8D0A120}.Ad-Hoc|iPhone.ActiveCfg = Ad-Hoc|iPhone
		{AE9E248C-A694-489F-A124-2F4EA8D0A120}.Ad-Hoc|iPhone.Build.0 = Ad-Hoc|iPhone
		{AE9E248C-A694-489F-A124-2F4EA8D0A120}.Ad-Hoc|iPhoneSimulator.ActiveCfg = Ad-Hoc|iPhoneSimulator
		{AE9E248C-A694-489F-A124-2F4EA8D0A120}.Ad-Hoc|iPhoneSimulator.Build.0 = Ad-Hoc|iPhoneSimulator
		{AE9E248C-A694-489F-A124-2F4EA8D0A120}.Ad-Hoc|x64.ActiveCfg = Ad-Hoc|iPhone
		{AE9E248C-A694-489F-A124-2F4EA8D0A120}.Ad-Hoc|x86.ActiveCfg = Ad-Hoc|iPhone
		{AE9E248C-A694-489F-A124-2F4EA8D0A120}.AppStore|Any CPU.ActiveCfg = AppStore|iPhone
		{AE9E248C-A694-489F-A124-2F4EA8D0A120}.AppStore|ARM.ActiveCfg = AppStore|iPhone
		{AE9E248C-A694-489F-A124-2F4EA8D0A120}.AppStore|iPhone.ActiveCfg = AppStore|iPhone
		{AE9E248C-A694-489F-A124-2F4EA8D0A120}.AppStore|iPhone.Build.0 = AppStore|iPhone
		{AE9E248C-A694-489F-A124-2F4EA8D0A120}.AppStore|iPhoneSimulator.ActiveCfg = AppStore|iPhoneSimulator
		{AE9E248C-A694-489F-A124-2F4EA8D0A120}.AppStore|iPhoneSimulator.Build.0 = AppStore|iPhoneSimulator
		{AE9E248C-A694-489F-A124-2F4EA8D0A120}.AppStore|x64.ActiveCfg = AppStore|iPhone
		{AE9E248C-A694-489F-A124-2F4EA8D0A120}.AppStore|x86.ActiveCfg = AppStore|iPhone
		{AE9E248C-A694-489F-A124-2F4EA8D0A120}.Debug|Any CPU.ActiveCfg = Debug|iPhone
		{AE9E248C-A694-489F-A124-2F4EA8D0A120}.Debug|ARM.ActiveCfg = Debug|iPhone
		{AE9E248C-A694-489F-A124-2F4EA8D0A120}.Debug|iPhone.ActiveCfg = Debug|iPhone
		{AE9E248C-A694-489F-A124-2F4EA8D0A120}.Debug|iPhone.Build.0 = Debug|iPhone
		{AE9E248C-A694-489F-A124-2F4EA8D0A120}.Debug|iPhoneSimulator.ActiveCfg = Debug|iPhoneSimulator
		{AE9E248C-A694-489F-A124-2F4EA8D0A120}.Debug|iPhoneSimulator.Build.0 = Debug|iPhoneSimulator
		{AE9E248C-A694-489F-A124-2F4EA8D0A120}.Debug|x64.ActiveCfg = Debug|iPhone
		{AE9E248C-A694-489F-A124-2F4EA8D0A120}.Debug|x86.ActiveCfg = Debug|iPhone
		{AE9E248C-A694-489F-A124-2F4EA8D0A120}.Release|Any CPU.ActiveCfg = Release|iPhone
		{AE9E248C-A694-489F-A124-2F4EA8D0A120}.Release|ARM.ActiveCfg = Release|iPhone
		{AE9E248C-A694-489F-A124-2F4EA8D0A120}.Release|iPhone.ActiveCfg = Release|iPhone
		{AE9E248C-A694-489F-A124-2F4EA8D0A120}.Release|iPhone.Build.0 = Release|iPhone
		{AE9E248C-A694-489F-A124-2F4EA8D0A120}.Release|iPhoneSimulator.ActiveCfg = Release|iPhoneSimulator
		{AE9E248C-A694-489F-A124-2F4EA8D0A120}.Release|iPhoneSimulator.Build.0 = Release|iPhoneSimulator
		{AE9E248C-A694-489F-A124-2F4EA8D0A120}.Release|x64.ActiveCfg = Release|iPhone
		{AE9E248C-A694-489F-A124-2F4EA8D0A120}.Release|x86.ActiveCfg = Release|iPhone
	EndGlobalSection
	GlobalSection(SolutionProperties) = preSolution
		HideSolutionNode = FALSE
	EndGlobalSection
EndGlobal
